schema_version: 1
resolved_on: "2026-07-29"

sources:
  openairinterface5g:
    role: external_ran_source
    repository: "https://gitlab.eurecom.fr/oai/openairinterface5g.git"
    commit: "102965a669b9444857c27843ec8ce62780bf9d37"

  jetson_kernel_sctp:
    role: jetson_host_provisioning
    repository: "https://github.com/promaaa/jetson-kernel-sctp.git"
    commit: "5ed1369591e03215b0a3ab282e42aac0fd7a8451"
    compatibility:
      board: "Jetson Orin Nano Developer Kit"
      jetpack: "6.2.1"
      l4t: "R36.4.4"

  kaust_5g_research:
    role: historical_research_context
    authoritative: false
    repository: "https://github.com/promaaa/kaust-5G-research.git"
    commit: "f6917d6ff0112b6e1150d5e61f62e741d675b7de"

patches:
  - id: sib8_pws_cu_du
    profile: baseline
    path: "patches/sib8/oai-pws-sib8-cu-du.patch"
    base_commit: "102965a669b9444857c27843ec8ce62780bf9d37"
    sha256: "e4b820e87f21916274e0581477527804b56e669738d20a9ced593b4eb6292545"

  - id: rpi_b210_61_44_msps
    profile: rpi_optional
    path: "patches/rpi-du/oai-b210-106prb-61p44msps.patch"
    base_commit: "102965a669b9444857c27843ec8ce62780bf9d37"
    sha256: "67e9a432a678bffed6c412d32f310bca3e1fb4fdad5b73e45bc1230d6525c5b8"

  - id: dl_mcs_debug
    profile: diagnostic_only
    path: "patches/performance/oai-dl-mcs-debug-instrumentation.patch"
    base_commit: "102965a669b9444857c27843ec8ce62780bf9d37"
    sha256: "17059f71e4a06ebe5fa29b616436ec9d4d01ef773073fcbd82f1bbcac6f05be3"
